Microsoft Visual Studio Solution File, Format Version 12.00
# Visual Studio Version 17
VisualStudioVersion = 17.5.2.0
MinimumVisualStudioVersion = 10.0.40219.1
Project("{FAE04EC0-301F-11D3-BF4B-00C04F79EFBC}") = "unnamed-site-backend", "unnamed-site-backend.csproj", "{47AB69F4-11A4-ABC3-1EB0-6E0AB680D87B}"
EndProject
Global
	GlobalSection(SolutionConfigurationPlatforms) = preSolution
		Debug|Any CPU = Debug|Any CPU
		Release|Any CPU = Release|Any CPU
	EndGlobalSection
	GlobalSection(ProjectConfigurationPlatforms) = postSolution
		{47AB69F4-11A4-ABC3-1EB0-6E0AB680D87B}.Debug|Any CPU.ActiveCfg = Debug|Any CPU
		{47AB69F4-11A4-ABC3-1EB0-6E0AB680D87B}.Debug|Any CPU.Build.0 = Debug|Any CPU
		{47AB69F4-11A4-ABC3-1EB0-6E0AB680D87B}.Release|Any CPU.ActiveCfg = Release|Any CPU
		{47AB69F4-11A4-ABC3-1EB0-6E0AB680D87B}.Release|Any CPU.Build.0 = Release|Any CPU
	EndGlobalSection
	GlobalSection(SolutionProperties) = preSolution
		HideSolutionNode = FALSE
	EndGlobalSection
	GlobalSection(ExtensibilityGlobals) = postSolution
		SolutionGuid = {FF21C2A0-7D20-441B-BB62-08394550D8E4}
	EndGlobalSection
EndGlobal
